
Microsoft Visual Studio Solution File, Format Version 12.00
# Visual Studio 15
VisualStudioVersion = 15.0.27428.2005
MinimumVisualStudioVersion = 10.0.40219.1
Project("{FAE04EC0-301F-11D3-BF4B-00C04F79EFBC}") = "XMLparser", "XMLparser\XMLparser.csproj", "{4EA7567B-206A-48B9-A926-D81E87D5C46A}"
EndProject
Global
	GlobalSection(SolutionConfigurationPlatforms) = preSolution
		Debug|Any CPU = Debug|Any CPU
		Release|Any CPU = Release|Any CPU
	EndGlobalSection
	GlobalSection(ProjectConfigurationPlatforms) = postSolution
		{4EA7567B-206A-48B9-A926-D81E87D5C46A}.Debug|Any CPU.ActiveCfg = Debug|Any CPU
		{4EA7567B-206A-48B9-A926-D81E87D5C46A}.Debug|Any CPU.Build.0 = Debug|Any CPU
		{4EA7567B-206A-48B9-A926-D81E87D5C46A}.Release|Any CPU.ActiveCfg = Release|Any CPU
		{4EA7567B-206A-48B9-A926-D81E87D5C46A}.Release|Any CPU.Build.0 = Release|Any CPU
	EndGlobalSection
	GlobalSection(SolutionProperties) = preSolution
		HideSolutionNode = FALSE
	EndGlobalSection
	GlobalSection(ExtensibilityGlobals) = postSolution
		SolutionGuid = {8CCF6229-3568-4A9D-8F58-21535A97956D}
	EndGlobalSection
EndGlobal
